
Microsoft Visual Studio Solution File, Format Version 12.00
# Visual Studio Version 17
VisualStudioVersion = 17.0.32014.148
MinimumVisualStudioVersion = 10.0.40219.1
Project("{9A19103F-16F7-4668-BE54-9A1E7A4F7556}") = "Serve.Core", "Serve.Core\Serve.Core.csproj", "{58F1F265-6772-4EDB-BF18-C3318B158DB4}"
EndProject
Project("{9A19103F-16F7-4668-BE54-9A1E7A4F7556}") = "Serve.Domain", "Serve.Domain\Serve.Domain.csproj", "{3931EC0D-DF8A-4A55-9B2E-A43B390FA37C}"
EndProject
Project("{9A19103F-16F7-4668-BE54-9A1E7A4F7556}") = "Serve.Infrastructure", "Serve.Infrastructure\Serve.Infrastructure.csproj", "{383DAA7E-2E57-48C6-8DDE-B39AF2580D64}"
EndProject
Project("{9A19103F-16F7-4668-BE54-9A1E7A4F7556}") = "Serve.Persistence", "Serve.Persistence\Serve.Persistence.csproj", "{8945A048-7F3D-4C17-B810-16AB6F48D524}"
EndProject
Project("{FAE04EC0-301F-11D3-BF4B-00C04F79EFBC}") = "Serve.API", "Serve.API\Serve.API.csproj", "{19D4B926-176B-4EBE-B12A-A048D8326FE7}"
EndProject
Global
	GlobalSection(SolutionConfigurationPlatforms) = preSolution
		Debug|Any CPU = Debug|Any CPU
		Release|Any CPU = Release|Any CPU
	EndGlobalSection
	GlobalSection(ProjectConfigurationPlatforms) = postSolution
		{58F1F265-6772-4EDB-BF18-C3318B158DB4}.Debug|Any CPU.ActiveCfg = Debug|Any CPU
		{58F1F265-6772-4EDB-BF18-C3318B158DB4}.Debug|Any CPU.Build.0 = Debug|Any CPU
		{58F1F265-6772-4EDB-BF18-C3318B158DB4}.Release|Any CPU.ActiveCfg = Release|Any CPU
		{58F1F265-6772-4EDB-BF18-C3318B158DB4}.Release|Any CPU.Build.0 = Release|Any CPU
		{3931EC0D-DF8A-4A55-9B2E-A43B390FA37C}.Debug|Any CPU.ActiveCfg = Debug|Any CPU
		{3931EC0D-DF8A-4A55-9B2E-A43B390FA37C}.Debug|Any CPU.Build.0 = Debug|Any CPU
		{3931EC0D-DF8A-4A55-9B2E-A43B390FA37C}.Release|Any CPU.ActiveCfg = Release|Any CPU
		{3931EC0D-DF8A-4A55-9B2E-A43B390FA37C}.Release|Any CPU.Build.0 = Release|Any CPU
		{383DAA7E-2E57-48C6-8DDE-B39AF2580D64}.Debug|Any CPU.ActiveCfg = Debug|Any CPU
		{383DAA7E-2E57-48C6-8DDE-B39AF2580D64}.Debug|Any CPU.Build.0 = Debug|Any CPU
		{383DAA7E-2E57-48C6-8DDE-B39AF2580D64}.Release|Any CPU.ActiveCfg = Release|Any CPU
		{383DAA7E-2E57-48C6-8DDE-B39AF2580D64}.Release|Any CPU.Build.0 = Release|Any CPU
		{8945A048-7F3D-4C17-B810-16AB6F48D524}.Debug|Any CPU.ActiveCfg = Debug|Any CPU
		{8945A048-7F3D-4C17-B810-16AB6F48D524}.Debug|Any CPU.Build.0 = Debug|Any CPU
		{8945A048-7F3D-4C17-B810-16AB6F48D524}.Release|Any CPU.ActiveCfg = Release|Any CPU
		{8945A048-7F3D-4C17-B810-16AB6F48D524}.Release|Any CPU.Build.0 = Release|Any CPU
		{19D4B926-176B-4EBE-B12A-A048D8326FE7}.Debug|Any CPU.ActiveCfg = Debug|Any CPU
		{19D4B926-176B-4EBE-B12A-A048D8326FE7}.Debug|Any CPU.Build.0 = Debug|Any CPU
		{19D4B926-176B-4EBE-B12A-A048D8326FE7}.Release|Any CPU.ActiveCfg = Release|Any CPU
		{19D4B926-176B-4EBE-B12A-A048D8326FE7}.Release|Any CPU.Build.0 = Release|Any CPU
	EndGlobalSection
	GlobalSection(SolutionProperties) = preSolution
		HideSolutionNode = FALSE
	EndGlobalSection
	GlobalSection(ExtensibilityGlobals) = postSolution
		SolutionGuid = {976EA00C-2154-4394-B24F-91BBB08C9935}
	EndGlobalSection
EndGlobal
